
Microsoft Visual Studio Solution File, Format Version 12.00
# Visual Studio Version 17
VisualStudioVersion = 17.2.32519.379
MinimumVisualStudioVersion = 10.0.40219.1
Project("{9A19103F-16F7-4668-BE54-9A1E7A4F7556}") = "ScrumBoard", "ScrumBoard\ScrumBoard.csproj", "{B03A8580-442B-4D5D-BF94-4DCC4CCD289B}"
EndProject
Project("{FAE04EC0-301F-11D3-BF4B-00C04F79EFBC}") = "ScrumBoardConsole", "ScrumBoardConsole\ScrumBoardConsole.csproj", "{DC0B9841-48F9-4DB9-A2C0-1CE9B0696035}"
EndProject
Project("{9A19103F-16F7-4668-BE54-9A1E7A4F7556}") = "ScrumBoardTests", "ScrumBoardTests\ScrumBoardTests.csproj", "{2930FB93-B187-4E23-BB36-53974D59BD83}"
EndProject
Project("{FAE04EC0-301F-11D3-BF4B-00C04F79EFBC}") = "ScrumBoardWeb", "ScrumBoardWeb\ScrumBoardWeb.csproj", "{E569DF54-E0B2-4B49-93BC-47D08354E1C1}"
EndProject
Global
	GlobalSection(SolutionConfigurationPlatforms) = preSolution
		Debug|Any CPU = Debug|Any CPU
		Debug|x64 = Debug|x64
		Debug|x86 = Debug|x86
		Release|Any CPU = Release|Any CPU
		Release|x64 = Release|x64
		Release|x86 = Release|x86
	EndGlobalSection
	GlobalSection(ProjectConfigurationPlatforms) = postSolution
		{B03A8580-442B-4D5D-BF94-4DCC4CCD289B}.Debug|Any CPU.ActiveCfg = Debug|Any CPU
		{B03A8580-442B-4D5D-BF94-4DCC4CCD289B}.Debug|Any CPU.Build.0 = Debug|Any CPU
		{B03A8580-442B-4D5D-BF94-4DCC4CCD289B}.Debug|x64.ActiveCfg = Debug|Any CPU
		{B03A8580-442B-4D5D-BF94-4DCC4CCD289B}.Debug|x64.Build.0 = Debug|Any CPU
		{B03A8580-442B-4D5D-BF94-4DCC4CCD289B}.Debug|x86.ActiveCfg = Debug|Any CPU
		{B03A8580-442B-4D5D-BF94-4DCC4CCD289B}.Debug|x86.Build.0 = Debug|Any CPU
		{B03A8580-442B-4D5D-BF94-4DCC4CCD289B}.Release|Any CPU.ActiveCfg = Release|Any CPU
		{B03A8580-442B-4D5D-BF94-4DCC4CCD289B}.Release|Any CPU.Build.0 = Release|Any CPU
		{B03A8580-442B-4D5D-BF94-4DCC4CCD289B}.Release|x64.ActiveCfg = Release|Any CPU
		{B03A8580-442B-4D5D-BF94-4DCC4CCD289B}.Release|x64.Build.0 = Release|Any CPU
		{B03A8580-442B-4D5D-BF94-4DCC4CCD289B}.Release|x86.ActiveCfg = Release|Any CPU
		{B03A8580-442B-4D5D-BF94-4DCC4CCD289B}.Release|x86.Build.0 = Release|Any CPU
		{DC0B9841-48F9-4DB9-A2C0-1CE9B0696035}.Debug|Any CPU.ActiveCfg = Debug|Any CPU
		{DC0B9841-48F9-4DB9-A2C0-1CE9B0696035}.Debug|Any CPU.Build.0 = Debug|Any CPU
		{DC0B9841-48F9-4DB9-A2C0-1CE9B0696035}.Debug|x64.ActiveCfg = Debug|Any CPU
		{DC0B9841-48F9-4DB9-A2C0-1CE9B0696035}.Debug|x64.Build.0 = Debug|Any CPU
		{DC0B9841-48F9-4DB9-A2C0-1CE9B0696035}.Debug|x86.ActiveCfg = Debug|Any CPU
		{DC0B9841-48F9-4DB9-A2C0-1CE9B0696035}.Debug|x86.Build.0 = Debug|Any CPU
		{DC0B9841-48F9-4DB9-A2C0-1CE9B0696035}.Release|Any CPU.ActiveCfg = Release|Any CPU
		{DC0B9841-48F9-4DB9-A2C0-1CE9B0696035}.Release|Any CPU.Build.0 = Release|Any CPU
		{DC0B9841-48F9-4DB9-A2C0-1CE9B0696035}.Release|x64.ActiveCfg = Release|Any CPU
		{DC0B9841-48F9-4DB9-A2C0-1CE9B0696035}.Release|x64.Build.0 = Release|Any CPU
		{DC0B9841-48F9-4DB9-A2C0-1CE9B0696035}.Release|x86.ActiveCfg = Release|Any CPU
		{DC0B9841-48F9-4DB9-A2C0-1CE9B0696035}.Release|x86.Build.0 = Release|Any CPU
		{2930FB93-B187-4E23-BB36-53974D59BD83}.Debug|Any CPU.ActiveCfg = Debug|Any CPU
		{2930FB93-B187-4E23-BB36-53974D59BD83}.Debug|Any CPU.Build.0 = Debug|Any CPU
		{2930FB93-B187-4E23-BB36-53974D59BD83}.Debug|x64.ActiveCfg = Debug|Any CPU
		{2930FB93-B187-4E23-BB36-53974D59BD83}.Debug|x64.Build.0 = Debug|Any CPU
		{2930FB93-B187-4E23-BB36-53974D59BD83}.Debug|x86.ActiveCfg = Debug|Any CPU
		{2930FB93-B187-4E23-BB36-53974D59BD83}.Debug|x86.Build.0 = Debug|Any CPU
		{2930FB93-B187-4E23-BB36-53974D59BD83}.Release|Any CPU.ActiveCfg = Release|Any CPU
		{2930FB93-B187-4E23-BB36-53974D59BD83}.Release|Any CPU.Build.0 = Release|Any CPU
		{2930FB93-B187-4E23-BB36-53974D59BD83}.Release|x64.ActiveCfg = Release|Any CPU
		{2930FB93-B187-4E23-BB36-53974D59BD83}.Release|x64.Build.0 = Release|Any CPU
		{2930FB93-B187-4E23-BB36-53974D59BD83}.Release|x86.ActiveCfg = Release|Any CPU
		{2930FB93-B187-4E23-BB36-53974D59BD83}.Release|x86.Build.0 = Release|Any CPU
		{E569DF54-E0B2-4B49-93BC-47D08354E1C1}.Debug|Any CPU.ActiveCfg = Debug|Any CPU
		{E569DF54-E0B2-4B49-93BC-47D08354E1C1}.Debug|Any CPU.Build.0 = Debug|Any CPU
		{E569DF54-E0B2-4B49-93BC-47D08354E1C1}.Debug|x64.ActiveCfg = Debug|Any CPU
		{E569DF54-E0B2-4B49-93BC-47D08354E1C1}.Debug|x64.Build.0 = Debug|Any CPU
		{E569DF54-E0B2-4B49-93BC-47D08354E1C1}.Debug|x86.ActiveCfg = Debug|Any CPU
		{E569DF54-E0B2-4B49-93BC-47D08354E1C1}.Debug|x86.Build.0 = Debug|Any CPU
		{E569DF54-E0B2-4B49-93BC-47D08354E1C1}.Release|Any CPU.ActiveCfg = Release|Any CPU
		{E569DF54-E0B2-4B49-93BC-47D08354E1C1}.Release|Any CPU.Build.0 = Release|Any CPU
		{E569DF54-E0B2-4B49-93BC-47D08354E1C1}.Release|x64.ActiveCfg = Release|Any CPU
		{E569DF54-E0B2-4B49-93BC-47D08354E1C1}.Release|x64.Build.0 = Release|Any CPU
		{E569DF54-E0B2-4B49-93BC-47D08354E1C1}.Release|x86.ActiveCfg = Release|Any CPU
		{E569DF54-E0B2-4B49-93BC-47D08354E1C1}.Release|x86.Build.0 = Release|Any CPU
	EndGlobalSection
	GlobalSection(SolutionProperties) = preSolution
		HideSolutionNode = FALSE
	EndGlobalSection
	GlobalSection(ExtensibilityGlobals) = postSolution
		SolutionGuid = {C645AE90-EBBC-432C-8D55-5ABCECE41D03}
	EndGlobalSection
EndGlobal
